
Microsoft Visual Studio Solution File, Format Version 12.00
# Visual Studio Version 17
VisualStudioVersion = 17.1.32228.430
MinimumVisualStudioVersion = 10.0.40219.1
Project("{8BC9CEB8-8B4A-11D0-8D11-00A0C91BC942}") = "OpenCVDebugVersion", "OpenCVDebugVersion.vcxproj", "{6B840A1A-D7BD-4AEF-92F0-93124E034357}"
EndProject
Global
	GlobalSection(SolutionConfigurationPlatforms) = preSolution
		Debug|x64 = Debug|x64
		Debug|x86 = Debug|x86
		Release|x64 = Release|x64
		Release|x86 = Release|x86
	EndGlobalSection
	GlobalSection(ProjectConfigurationPlatforms) = postSolution
		{6B840A1A-D7BD-4AEF-92F0-93124E034357}.Debug|x64.ActiveCfg = Debug|x64
		{6B840A1A-D7BD-4AEF-92F0-93124E034357}.Debug|x64.Build.0 = Debug|x64
		{6B840A1A-D7BD-4AEF-92F0-93124E034357}.Debug|x86.ActiveCfg = Debug|Win32
		{6B840A1A-D7BD-4AEF-92F0-93124E034357}.Debug|x86.Build.0 = Debug|Win32
		{6B840A1A-D7BD-4AEF-92F0-93124E034357}.Release|x64.ActiveCfg = Release|x64
		{6B840A1A-D7BD-4AEF-92F0-93124E034357}.Release|x64.Build.0 = Release|x64
		{6B840A1A-D7BD-4AEF-92F0-93124E034357}.Release|x86.ActiveCfg = Release|Win32
		{6B840A1A-D7BD-4AEF-92F0-93124E034357}.Release|x86.Build.0 = Release|Win32
	EndGlobalSection
	GlobalSection(SolutionProperties) = preSolution
		HideSolutionNode = FALSE
	EndGlobalSection
	GlobalSection(ExtensibilityGlobals) = postSolution
		SolutionGuid = {E489C8EF-D1D3-448E-922B-EA9A693036F9}
	EndGlobalSection
EndGlobal
